
Microsoft Visual Studio Solution File, Format Version 12.00
# Visual Studio 15
VisualStudioVersion = 15.0.27703.2018
MinimumVisualStudioVersion = 10.0.40219.1
Project("{FAE04EC0-301F-11D3-BF4B-00C04F79EFBC}") = "TKLoveGame", "TKLoveGame\TKLoveGame.csproj", "{ABB90AFA-7F53-4361-A4A2-0154948E984C}"
EndProject
Global
	GlobalSection(SolutionConfigurationPlatforms) = preSolution
		Debug|ARM = Debug|ARM
		Debug|x64 = Debug|x64
		Debug|x86 = Debug|x86
		Release|ARM = Release|ARM
		Release|x64 = Release|x64
		Release|x86 = Release|x86
	EndGlobalSection
	GlobalSection(ProjectConfigurationPlatforms) = postSolution
		{ABB90AFA-7F53-4361-A4A2-0154948E984C}.Debug|ARM.ActiveCfg = Debug|ARM
		{ABB90AFA-7F53-4361-A4A2-0154948E984C}.Debug|ARM.Build.0 = Debug|ARM
		{ABB90AFA-7F53-4361-A4A2-0154948E984C}.Debug|ARM.Deploy.0 = Debug|ARM
		{ABB90AFA-7F53-4361-A4A2-0154948E984C}.Debug|x64.ActiveCfg = Debug|x64
		{ABB90AFA-7F53-4361-A4A2-0154948E984C}.Debug|x64.Build.0 = Debug|x64
		{ABB90AFA-7F53-4361-A4A2-0154948E984C}.Debug|x64.Deploy.0 = Debug|x64
		{ABB90AFA-7F53-4361-A4A2-0154948E984C}.Debug|x86.ActiveCfg = Debug|x86
		{ABB90AFA-7F53-4361-A4A2-0154948E984C}.Debug|x86.Build.0 = Debug|x86
		{ABB90AFA-7F53-4361-A4A2-0154948E984C}.Debug|x86.Deploy.0 = Debug|x86
		{ABB90AFA-7F53-4361-A4A2-0154948E984C}.Release|ARM.ActiveCfg = Release|ARM
		{ABB90AFA-7F53-4361-A4A2-0154948E984C}.Release|ARM.Build.0 = Release|ARM
		{ABB90AFA-7F53-4361-A4A2-0154948E984C}.Release|ARM.Deploy.0 = Release|ARM
		{ABB90AFA-7F53-4361-A4A2-0154948E984C}.Release|x64.ActiveCfg = Release|x64
		{ABB90AFA-7F53-4361-A4A2-0154948E984C}.Release|x64.Build.0 = Release|x64
		{ABB90AFA-7F53-4361-A4A2-0154948E984C}.Release|x64.Deploy.0 = Release|x64
		{ABB90AFA-7F53-4361-A4A2-0154948E984C}.Release|x86.ActiveCfg = Release|x86
		{ABB90AFA-7F53-4361-A4A2-0154948E984C}.Release|x86.Build.0 = Release|x86
		{ABB90AFA-7F53-4361-A4A2-0154948E984C}.Release|x86.Deploy.0 = Release|x86
	EndGlobalSection
	GlobalSection(SolutionProperties) = preSolution
		HideSolutionNode = FALSE
	EndGlobalSection
	GlobalSection(ExtensibilityGlobals) = postSolution
		SolutionGuid = {D5242A8C-58AA-4750-B4CB-0AEBDFD51C96}
	EndGlobalSection
EndGlobal
